// !$*UTF8*$!
{
	archiveVersion = 1;
	classes = {
	};
	objectVersion = 46;
	objects = {

/* Begin PBXBuildFile section */
		CE16782E1CF86B8C004DF629 /* MTHTTPBinGetSampleRequest.m in Sources */ = {isa = PBXBuildFile; fileRef = CE16782D1CF86B8C004DF629 /* MTHTTPBinGetSampleRequest.m */; };
		CE6F34B81B3311B000EC025A /* main.m in Sources */ = {isa = PBXBuildFile; fileRef = CE6F34B71B3311B000EC025A /* main.m */; };
		CE6F34BB1B3311B000EC025A /* AppDelegate.m in Sources */ = {isa = PBXBuildFile; fileRef = CE6F34BA1B3311B000EC025A /* AppDelegate.m */; };
		CE6F34BE1B3311B000EC025A /* ViewController.m in Sources */ = {isa = PBXBuildFile; fileRef = CE6F34BD1B3311B000EC025A /* ViewController.m */; };
		CE6F34C11B3311B000EC025A /* Main.storyboard in Resources */ = {isa = PBXBuildFile; fileRef = CE6F34BF1B3311B000EC025A /* Main.storyboard */; };
		CE6F34C31B3311B000EC025A /* Images.xcassets in Resources */ = {isa = PBXBuildFile; fileRef = CE6F34C21B3311B000EC025A /* Images.xcassets */; };
		CE6F34C61B3311B000EC025A /* LaunchScreen.xib in Resources */ = {isa = PBXBuildFile; fileRef = CE6F34C41B3311B000EC025A /* LaunchScreen.xib */; };
		CE6F34D21B3311B000EC025A /* MTDispatcherTests.m in Sources */ = {isa = PBXBuildFile; fileRef = CE6F34D11B3311B000EC025A /* MTDispatcherTests.m */; };
		CE9301231D9BD1E1008C3A1F /* MTDepotRequestHandler.m in Sources */ = {isa = PBXBuildFile; fileRef = CE9301191D9BD1E1008C3A1F /* MTDepotRequestHandler.m */; };
		CE9301241D9BD1E1008C3A1F /* MTDispatcher-info.plist in Resources */ = {isa = PBXBuildFile; fileRef = CE93011A1D9BD1E1008C3A1F /* MTDispatcher-info.plist */; };
		CE9301251D9BD1E1008C3A1F /* MTDispatcher.m in Sources */ = {isa = PBXBuildFile; fileRef = CE93011C1D9BD1E1008C3A1F /* MTDispatcher.m */; };
		CE9301261D9BD1E1008C3A1F /* MTRequest.m in Sources */ = {isa = PBXBuildFile; fileRef = CE93011E1D9BD1E1008C3A1F /* MTRequest.m */; };
		CE9301271D9BD1E1008C3A1F /* MTRequestHandler.m in Sources */ = {isa = PBXBuildFile; fileRef = CE9301201D9BD1E1008C3A1F /* MTRequestHandler.m */; };
		CE9301281D9BD1E1008C3A1F /* MTServiceRequestHandler.m in Sources */ = {isa = PBXBuildFile; fileRef = CE9301221D9BD1E1008C3A1F /* MTServiceRequestHandler.m */; };
/* End PBXBuildFile section */

/* Begin PBXContainerItemProxy section */
		CE6F34CC1B3311B000EC025A /* PBXContainerItemProxy */ = {
			isa = PBXContainerItemProxy;
			containerPortal = CE6F34AA1B3311B000EC025A /* Project object */;
			proxyType = 1;
			remoteGlobalIDString = CE6F34B11B3311B000EC025A;
			remoteInfo = MTDispatcher;
		};
/* End PBXContainerItemProxy section */

/* Begin PBXFileReference section */
		CE16782C1CF86B8C004DF629 /* MTHTTPBinGetSampleRequest.h */ = {isa = PBXFileReference; fileEncoding = 4; lastKnownFileType = sourcecode.c.h; path = MTHTTPBinGetSampleRequest.h; sourceTree = "<group>"; };
		CE16782D1CF86B8C004DF629 /* MTHTTPBinGetSampleRequest.m */ = {isa = PBXFileReference; fileEncoding = 4; lastKnownFileType = sourcecode.c.objc; path = MTHTTPBinGetSampleRequest.m; sourceTree = "<group>"; };
		CE6F34B21B3311B000EC025A /* MTDispatcher.app */ = {isa = PBXFileReference; explicitFileType = wrapper.application; includeInIndex = 0; path = MTDispatcher.app; sourceTree = BUILT_PRODUCTS_DIR; };
		CE6F34B61B3311B000EC025A /* Info.plist */ = {isa = PBXFileReference; lastKnownFileType = text.plist.xml; path = Info.plist; sourceTree = "<group>"; };
		CE6F34B71B3311B000EC025A /* main.m */ = {isa = PBXFileReference; lastKnownFileType = sourcecode.c.objc; path = main.m; sourceTree = "<group>"; };
		CE6F34B91B3311B000EC025A /* AppDelegate.h */ = {isa = PBXFileReference; lastKnownFileType = sourcecode.c.h; path = AppDelegate.h; sourceTree = "<group>"; };
		CE6F34BA1B3311B000EC025A /* AppDelegate.m */ = {isa = PBXFileReference; lastKnownFileType = sourcecode.c.objc; path = AppDelegate.m; sourceTree = "<group>"; };
		CE6F34BC1B3311B000EC025A /* ViewController.h */ = {isa = PBXFileReference; lastKnownFileType = sourcecode.c.h; path = ViewController.h; sourceTree = "<group>"; };
		CE6F34BD1B3311B000EC025A /* ViewController.m */ = {isa = PBXFileReference; lastKnownFileType = sourcecode.c.objc; path = ViewController.m; sourceTree = "<group>"; };
		CE6F34C01B3311B000EC025A /* Base */ = {isa = PBXFileReference; lastKnownFileType = file.storyboard; name = Base; path = Base.lproj/Main.storyboard; sourceTree = "<group>"; };
		CE6F34C21B3311B000EC025A /* Images.xcassets */ = {isa = PBXFileReference; lastKnownFileType = folder.assetcatalog; path = Images.xcassets; sourceTree = "<group>"; };
		CE6F34C51B3311B000EC025A /* Base */ = {isa = PBXFileReference; lastKnownFileType = file.xib; name = Base; path = Base.lproj/LaunchScreen.xib; sourceTree = "<group>"; };
		CE6F34CB1B3311B000EC025A /* MTDispatcherTests.xctest */ = {isa = PBXFileReference; explicitFileType = wrapper.cfbundle; includeInIndex = 0; path = MTDispatcherTests.xctest; sourceTree = BUILT_PRODUCTS_DIR; };
		CE6F34D01B3311B000EC025A /* Info.plist */ = {isa = PBXFileReference; lastKnownFileType = text.plist.xml; path = Info.plist; sourceTree = "<group>"; };
		CE6F34D11B3311B000EC025A /* MTDispatcherTests.m */ = {isa = PBXFileReference; lastKnownFileType = sourcecode.c.objc; path = MTDispatcherTests.m; sourceTree = "<group>"; };
		CE9301181D9BD1E1008C3A1F /* MTDepotRequestHandler.h */ = {isa = PBXFileReference; fileEncoding = 4; lastKnownFileType = sourcecode.c.h; path = MTDepotRequestHandler.h; sourceTree = "<group>"; };
		CE9301191D9BD1E1008C3A1F /* MTDepotRequestHandler.m */ = {isa = PBXFileReference; fileEncoding = 4; lastKnownFileType = sourcecode.c.objc; path = MTDepotRequestHandler.m; sourceTree = "<group>"; };
		CE93011A1D9BD1E1008C3A1F /* MTDispatcher-info.plist */ = {isa = PBXFileReference; fileEncoding = 4; lastKnownFileType = text.plist.xml; path = "MTDispatcher-info.plist"; sourceTree = "<group>"; };
		CE93011B1D9BD1E1008C3A1F /* MTDispatcher.h */ = {isa = PBXFileReference; fileEncoding = 4; lastKnownFileType = sourcecode.c.h; path = MTDispatcher.h; sourceTree = "<group>"; };
		CE93011C1D9BD1E1008C3A1F /* MTDispatcher.m */ = {isa = PBXFileReference; fileEncoding = 4; lastKnownFileType = sourcecode.c.objc; path = MTDispatcher.m; sourceTree = "<group>"; };
		CE93011D1D9BD1E1008C3A1F /* MTRequest.h */ = {isa = PBXFileReference; fileEncoding = 4; lastKnownFileType = sourcecode.c.h; path = MTRequest.h; sourceTree = "<group>"; };
		CE93011E1D9BD1E1008C3A1F /* MTRequest.m */ = {isa = PBXFileReference; fileEncoding = 4; lastKnownFileType = sourcecode.c.objc; path = MTRequest.m; sourceTree = "<group>"; };
		CE93011F1D9BD1E1008C3A1F /* MTRequestHandler.h */ = {isa = PBXFileReference; fileEncoding = 4; lastKnownFileType = sourcecode.c.h; path = MTRequestHandler.h; sourceTree = "<group>"; };
		CE9301201D9BD1E1008C3A1F /* MTRequestHandler.m */ = {isa = PBXFileReference; fileEncoding = 4; lastKnownFileType = sourcecode.c.objc; path = MTRequestHandler.m; sourceTree = "<group>"; };
		CE9301211D9BD1E1008C3A1F /* MTServiceRequestHandler.h */ = {isa = PBXFileReference; fileEncoding = 4; lastKnownFileType = sourcecode.c.h; path = MTServiceRequestHandler.h; sourceTree = "<group>"; };
		CE9301221D9BD1E1008C3A1F /* MTServiceRequestHandler.m */ = {isa = PBXFileReference; fileEncoding = 4; lastKnownFileType = sourcecode.c.objc; path = MTServiceRequestHandler.m; sourceTree = "<group>"; };
/* End PBXFileReference section */

/* Begin PBXFrameworksBuildPhase section */
		CE6F34AF1B3311B000EC025A /* Frameworks */ = {
			isa = PBXFrameworksBuildPhase;
			buildActionMask = 2147483647;
			files = (
			);
			runOnlyForDeploymentPostprocessing = 0;
		};
		CE6F34C81B3311B000EC025A /* Frameworks */ = {
			isa = PBXFrameworksBuildPhase;
			buildActionMask = 2147483647;
			files = (
			);
			runOnlyForDeploymentPostprocessing = 0;
		};
/* End PBXFrameworksBuildPhase section */

/* Begin PBXGroup section */
		CE16782B1CF86B2E004DF629 /* Requests */ = {
			isa = PBXGroup;
			children = (
				CE16782C1CF86B8C004DF629 /* MTHTTPBinGetSampleRequest.h */,
				CE16782D1CF86B8C004DF629 /* MTHTTPBinGetSampleRequest.m */,
			);
			path = Requests;
			sourceTree = "<group>";
		};
		CE6F34A91B3311B000EC025A = {
			isa = PBXGroup;
			children = (
				CE6F34B41B3311B000EC025A /* MTDispatcher */,
				CE6F34CE1B3311B000EC025A /* MTDispatcherTests */,
				CE6F34B31B3311B000EC025A /* Products */,
			);
			sourceTree = "<group>";
		};
		CE6F34B31B3311B000EC025A /* Products */ = {
			isa = PBXGroup;
			children = (
				CE6F34B21B3311B000EC025A /* MTDispatcher.app */,
				CE6F34CB1B3311B000EC025A /* MTDispatcherTests.xctest */,
			);
			name = Products;
			sourceTree = "<group>";
		};
		CE6F34B41B3311B000EC025A /* MTDispatcher */ = {
			isa = PBXGroup;
			children = (
				CE6F34B91B3311B000EC025A /* AppDelegate.h */,
				CE6F34BA1B3311B000EC025A /* AppDelegate.m */,
				CE6F34BC1B3311B000EC025A /* ViewController.h */,
				CE6F34BD1B3311B000EC025A /* ViewController.m */,
				CE6F34BF1B3311B000EC025A /* Main.storyboard */,
				CE6F34C21B3311B000EC025A /* Images.xcassets */,
				CE6F34C41B3311B000EC025A /* LaunchScreen.xib */,
				CE9301171D9BD1E1008C3A1F /* MTDispatcher */,
				CE16782B1CF86B2E004DF629 /* Requests */,
				CE6F34B51B3311B000EC025A /* Supporting Files */,
			);
			path = MTDispatcher;
			sourceTree = "<group>";
		};
		CE6F34B51B3311B000EC025A /* Supporting Files */ = {
			isa = PBXGroup;
			children = (
				CE6F34B61B3311B000EC025A /* Info.plist */,
				CE6F34B71B3311B000EC025A /* main.m */,
			);
			name = "Supporting Files";
			sourceTree = "<group>";
		};
		CE6F34CE1B3311B000EC025A /* MTDispatcherTests */ = {
			isa = PBXGroup;
			children = (
				CE6F34D11B3311B000EC025A /* MTDispatcherTests.m */,
				CE6F34CF1B3311B000EC025A /* Supporting Files */,
			);
			path = MTDispatcherTests;
			sourceTree = "<group>";
		};
		CE6F34CF1B3311B000EC025A /* Supporting Files */ = {
			isa = PBXGroup;
			children = (
				CE6F34D01B3311B000EC025A /* Info.plist */,
			);
			name = "Supporting Files";
			sourceTree = "<group>";
		};
		CE9301171D9BD1E1008C3A1F /* MTDispatcher */ = {
			isa = PBXGroup;
			children = (
				CE9301181D9BD1E1008C3A1F /* MTDepotRequestHandler.h */,
				CE9301191D9BD1E1008C3A1F /* MTDepotRequestHandler.m */,
				CE93011A1D9BD1E1008C3A1F /* MTDispatcher-info.plist */,
				CE93011B1D9BD1E1008C3A1F /* MTDispatcher.h */,
				CE93011C1D9BD1E1008C3A1F /* MTDispatcher.m */,
				CE93011D1D9BD1E1008C3A1F /* MTRequest.h */,
				CE93011E1D9BD1E1008C3A1F /* MTRequest.m */,
				CE93011F1D9BD1E1008C3A1F /* MTRequestHandler.h */,
				CE9301201D9BD1E1008C3A1F /* MTRequestHandler.m */,
				CE9301211D9BD1E1008C3A1F /* MTServiceRequestHandler.h */,
				CE9301221D9BD1E1008C3A1F /* MTServiceRequestHandler.m */,
			);
			path = MTDispatcher;
			sourceTree = "<group>";
		};
/* End PBXGroup section */

/* Begin PBXNativeTarget section */
		CE6F34B11B3311B000EC025A /* MTDispatcher */ = {
			isa = PBXNativeTarget;
			buildConfigurationList = CE6F34D51B3311B000EC025A /* Build configuration list for PBXNativeTarget "MTDispatcher" */;
			buildPhases = (
				CE6F34AE1B3311B000EC025A /* Sources */,
				CE6F34AF1B3311B000EC025A /* Frameworks */,
				CE6F34B01B3311B000EC025A /* Resources */,
			);
			buildRules = (
			);
			dependencies = (
			);
			name = MTDispatcher;
			productName = MTDispatcher;
			productReference = CE6F34B21B3311B000EC025A /* MTDispatcher.app */;
			productType = "com.apple.product-type.application";
		};
		CE6F34CA1B3311B000EC025A /* MTDispatcherTests */ = {
			isa = PBXNativeTarget;
			buildConfigurationList = CE6F34D81B3311B000EC025A /* Build configuration list for PBXNativeTarget "MTDispatcherTests" */;
			buildPhases = (
				CE6F34C71B3311B000EC025A /* Sources */,
				CE6F34C81B3311B000EC025A /* Frameworks */,
				CE6F34C91B3311B000EC025A /* Resources */,
			);
			buildRules = (
			);
			dependencies = (
				CE6F34CD1B3311B000EC025A /* PBXTargetDependency */,
			);
			name = MTDispatcherTests;
			productName = MTDispatcherTests;
			productReference = CE6F34CB1B3311B000EC025A /* MTDispatcherTests.xctest */;
			productType = "com.apple.product-type.bundle.unit-test";
		};
/* End PBXNativeTarget section */

/* Begin PBXProject section */
		CE6F34AA1B3311B000EC025A /* Project object */ = {
			isa = PBXProject;
			attributes = {
				LastUpgradeCheck = 0800;
				ORGANIZATIONNAME = "Maliwan Technology";
				TargetAttributes = {
					CE6F34B11B3311B000EC025A = {
						CreatedOnToolsVersion = 6.3.2;
					};
					CE6F34CA1B3311B000EC025A = {
						CreatedOnToolsVersion = 6.3.2;
						TestTargetID = CE6F34B11B3311B000EC025A;
					};
				};
			};
			buildConfigurationList = CE6F34AD1B3311B000EC025A /* Build configuration list for PBXProject "MTDispatcher" */;
			compatibilityVersion = "Xcode 3.2";
			developmentRegion = English;
			hasScannedForEncodings = 0;
			knownRegions = (
				en,
				Base,
			);
			mainGroup = CE6F34A91B3311B000EC025A;
			productRefGroup = CE6F34B31B3311B000EC025A /* Products */;
			projectDirPath = "";
			projectRoot = "";
			targets = (
				CE6F34B11B3311B000EC025A /* MTDispatcher */,
				CE6F34CA1B3311B000EC025A /* MTDispatcherTests */,
			);
		};
/* End PBXProject section */

/* Begin PBXResourcesBuildPhase section */
		CE6F34B01B3311B000EC025A /* Resources */ = {
			isa = PBXResourcesBuildPhase;
			buildActionMask = 2147483647;
			files = (
				CE6F34C11B3311B000EC025A /* Main.storyboard in Resources */,
				CE6F34C61B3311B000EC025A /* LaunchScreen.xib in Resources */,
				CE9301241D9BD1E1008C3A1F /* MTDispatcher-info.plist in Resources */,
				CE6F34C31B3311B000EC025A /* Images.xcassets in Resources */,
			);
			runOnlyForDeploymentPostprocessing = 0;
		};
		CE6F34C91B3311B000EC025A /* Resources */ = {
			isa = PBXResourcesBuildPhase;
			buildActionMask = 2147483647;
			files = (
			);
			runOnlyForDeploymentPostprocessing = 0;
		};
/* End PBXResourcesBuildPhase section */

/* Begin PBXSourcesBuildPhase section */
		CE6F34AE1B3311B000EC025A /* Sources */ = {
			isa = PBXSourcesBuildPhase;
			buildActionMask = 2147483647;
			files = (
				CE6F34BE1B3311B000EC025A /* ViewController.m in Sources */,
				CE9301261D9BD1E1008C3A1F /* MTRequest.m in Sources */,
				CE9301251D9BD1E1008C3A1F /* MTDispatcher.m in Sources */,
				CE9301281D9BD1E1008C3A1F /* MTServiceRequestHandler.m in Sources */,
				CE6F34BB1B3311B000EC025A /* AppDelegate.m in Sources */,
				CE9301231D9BD1E1008C3A1F /* MTDepotRequestHandler.m in Sources */,
				CE9301271D9BD1E1008C3A1F /* MTRequestHandler.m in Sources */,
				CE6F34B81B3311B000EC025A /* main.m in Sources */,
				CE16782E1CF86B8C004DF629 /* MTHTTPBinGetSampleRequest.m in Sources */,
			);
			runOnlyForDeploymentPostprocessing = 0;
		};
		CE6F34C71B3311B000EC025A /* Sources */ = {
			isa = PBXSourcesBuildPhase;
			buildActionMask = 2147483647;
			files = (
				CE6F34D21B3311B000EC025A /* MTDispatcherTests.m in Sources */,
			);
			runOnlyForDeploymentPostprocessing = 0;
		};
/* End PBXSourcesBuildPhase section */

/* Begin PBXTargetDependency section */
		CE6F34CD1B3311B000EC025A /* PBXTargetDependency */ = {
			isa = PBXTargetDependency;
			target = CE6F34B11B3311B000EC025A /* MTDispatcher */;
			targetProxy = CE6F34CC1B3311B000EC025A /* PBXContainerItemProxy */;
		};
/* End PBXTargetDependency section */

/* Begin PBXVariantGroup section */
		CE6F34BF1B3311B000EC025A /* Main.storyboard */ = {
			isa = PBXVariantGroup;
			children = (
				CE6F34C01B3311B000EC025A /* Base */,
			);
			name = Main.storyboard;
			sourceTree = "<group>";
		};
		CE6F34C41B3311B000EC025A /* LaunchScreen.xib */ = {
			isa = PBXVariantGroup;
			children = (
				CE6F34C51B3311B000EC025A /* Base */,
			);
			name = LaunchScreen.xib;
			sourceTree = "<group>";
		};
/* End PBXVariantGroup section */

/* Begin XCBuildConfiguration section */
		CE6F34D31B3311B000EC025A /* Debug */ = {
			isa = XCBuildConfiguration;
			buildSettings = {
				ALWAYS_SEARCH_USER_PATHS = NO;
				CLANG_CXX_LANGUAGE_STANDARD = "gnu++0x";
				CLANG_CXX_LIBRARY = "libc++";
				CLANG_ENABLE_MODULES = YES;
				CLANG_ENABLE_OBJC_ARC = YES;
				CLANG_WARN_BOOL_CONVERSION = YES;
				CLANG_WARN_CONSTANT_CONVERSION = YES;
				CLANG_WARN_DIRECT_OBJC_ISA_USAGE = YES_ERROR;
				CLANG_WARN_EMPTY_BODY = YES;
				CLANG_WARN_ENUM_CONVERSION = YES;
				CLANG_WARN_INFINITE_RECURSION = YES;
				CLANG_WARN_INT_CONVERSION = YES;
				CLANG_WARN_OBJC_ROOT_CLASS = YES_ERROR;
				CLANG_WARN_SUSPICIOUS_MOVE = YES;
				CLANG_WARN_UNREACHABLE_CODE = YES;
				CLANG_WARN__DUPLICATE_METHOD_MATCH = YES;
				"CODE_SIGN_IDENTITY[sdk=iphoneos*]" = "iPhone Developer";
				COPY_PHASE_STRIP = NO;
				DEBUG_INFORMATION_FORMAT = "dwarf-with-dsym";
				ENABLE_STRICT_OBJC_MSGSEND = YES;
				ENABLE_TESTABILITY = YES;
				GCC_C_LANGUAGE_STANDARD = gnu99;
				GCC_DYNAMIC_NO_PIC = NO;
				GCC_NO_COMMON_BLOCKS = YES;
				GCC_OPTIMIZATION_LEVEL = 0;
				GCC_PREPROCESSOR_DEFINITIONS = (
					"DEBUG=1",
					"$(inherited)",
				);
				GCC_SYMBOLS_PRIVATE_EXTERN = NO;
				GCC_WARN_64_TO_32_BIT_CONVERSION = YES;
				GCC_WARN_ABOUT_RETURN_TYPE = YES_ERROR;
				GCC_WARN_UNDECLARED_SELECTOR = YES;
				GCC_WARN_UNINITIALIZED_AUTOS = YES_AGGRESSIVE;
				GCC_WARN_UNUSED_FUNCTION = YES;
				GCC_WARN_UNUSED_VARIABLE = YES;
				IPHONEOS_DEPLOYMENT_TARGET = 8.3;
				MTL_ENABLE_DEBUG_INFO = YES;
				ONLY_ACTIVE_ARCH = YES;
				SDKROOT = iphoneos;
			};
			name = Debug;
		};
		CE6F34D41B3311B000EC025A /* Release */ = {
			isa = XCBuildConfiguration;
			buildSettings = {
				ALWAYS_SEARCH_USER_PATHS = NO;
				CLANG_CXX_LANGUAGE_STANDARD = "gnu++0x";
				CLANG_CXX_LIBRARY = "libc++";
				CLANG_ENABLE_MODULES = YES;
				CLANG_ENABLE_OBJC_ARC = YES;
				CLANG_WARN_BOOL_CONVERSION = YES;
				CLANG_WARN_CONSTANT_CONVERSION = YES;
				CLANG_WARN_DIRECT_OBJC_ISA_USAGE = YES_ERROR;
				CLANG_WARN_EMPTY_BODY = YES;
				CLANG_WARN_ENUM_CONVERSION = YES;
				CLANG_WARN_INFINITE_RECURSION = YES;
				CLANG_WARN_INT_CONVERSION = YES;
				CLANG_WARN_OBJC_ROOT_CLASS = YES_ERROR;
				CLANG_WARN_SUSPICIOUS_MOVE = YES;
				CLANG_WARN_UNREACHABLE_CODE = YES;
				CLANG_WARN__DUPLICATE_METHOD_MATCH = YES;
				"CODE_SIGN_IDENTITY[sdk=iphoneos*]" = "iPhone Developer";
				COPY_PHASE_STRIP = NO;
				DEBUG_INFORMATION_FORMAT = "dwarf-with-dsym";
				ENABLE_NS_ASSERTIONS = NO;
				ENABLE_STRICT_OBJC_MSGSEND = YES;
				GCC_C_LANGUAGE_STANDARD = gnu99;
				GCC_NO_COMMON_BLOCKS = YES;
				GCC_WARN_64_TO_32_BIT_CONVERSION = YES;
				GCC_WARN_ABOUT_RETURN_TYPE = YES_ERROR;
				GCC_WARN_UNDECLARED_SELECTOR = YES;
				GCC_WARN_UNINITIALIZED_AUTOS = YES_AGGRESSIVE;
				GCC_WARN_UNUSED_FUNCTION = YES;
				GCC_WARN_UNUSED_VARIABLE = YES;
				IPHONEOS_DEPLOYMENT_TARGET = 8.3;
				MTL_ENABLE_DEBUG_INFO = NO;
				SDKROOT = iphoneos;
				VALIDATE_PRODUCT = YES;
			};
			name = Release;
		};
		CE6F34D61B3311B000EC025A /* Debug */ = {
			isa = XCBuildConfiguration;
			buildSettings = {
				ASSETCATALOG_COMPILER_APPICON_NAME = AppIcon;
				INFOPLIST_FILE = MTDispatcher/Info.plist;
				IPHONEOS_DEPLOYMENT_TARGET = 8.0;
				LD_RUNPATH_SEARCH_PATHS = "$(inherited) @executable_path/Frameworks";
				PRODUCT_BUNDLE_IDENTIFIER = "MT.$(PRODUCT_NAME:rfc1034identifier)";
				PRODUCT_NAME = "$(TARGET_NAME)";
			};
			name = Debug;
		};
		CE6F34D71B3311B000EC025A /* Release */ = {
			isa = XCBuildConfiguration;
			buildSettings = {
				ASSETCATALOG_COMPILER_APPICON_NAME = AppIcon;
				INFOPLIST_FILE = MTDispatcher/Info.plist;
				IPHONEOS_DEPLOYMENT_TARGET = 8.0;
				LD_RUNPATH_SEARCH_PATHS = "$(inherited) @executable_path/Frameworks";
				PRODUCT_BUNDLE_IDENTIFIER = "MT.$(PRODUCT_NAME:rfc1034identifier)";
				PRODUCT_NAME = "$(TARGET_NAME)";
			};
			name = Release;
		};
		CE6F34D91B3311B000EC025A /* Debug */ = {
			isa = XCBuildConfiguration;
			buildSettings = {
				BUNDLE_LOADER = "$(TEST_HOST)";
				FRAMEWORK_SEARCH_PATHS = (
					"$(SDKROOT)/Developer/Library/Frameworks",
					"$(inherited)",
				);
				GCC_PREPROCESSOR_DEFINITIONS = (
					"DEBUG=1",
					"$(inherited)",
				);
				INFOPLIST_FILE = MTDispatcherTests/Info.plist;
				LD_RUNPATH_SEARCH_PATHS = "$(inherited) @executable_path/Frameworks @loader_path/Frameworks";
				PRODUCT_BUNDLE_IDENTIFIER = "MT.$(PRODUCT_NAME:rfc1034identifier)";
				PRODUCT_NAME = "$(TARGET_NAME)";
				TEST_HOST = "$(BUILT_PRODUCTS_DIR)/MTDispatcher.app/MTDispatcher";
			};
			name = Debug;
		};
		CE6F34DA1B3311B000EC025A /* Release */ = {
			isa = XCBuildConfiguration;
			buildSettings = {
				BUNDLE_LOADER = "$(TEST_HOST)";
				FRAMEWORK_SEARCH_PATHS = (
					"$(SDKROOT)/Developer/Library/Frameworks",
					"$(inherited)",
				);
				INFOPLIST_FILE = MTDispatcherTests/Info.plist;
				LD_RUNPATH_SEARCH_PATHS = "$(inherited) @executable_path/Frameworks @loader_path/Frameworks";
				PRODUCT_BUNDLE_IDENTIFIER = "MT.$(PRODUCT_NAME:rfc1034identifier)";
				PRODUCT_NAME = "$(TARGET_NAME)";
				TEST_HOST = "$(BUILT_PRODUCTS_DIR)/MTDispatcher.app/MTDispatcher";
			};
			name = Release;
		};
/* End XCBuildConfiguration section */

/* Begin XCConfigurationList section */
		CE6F34AD1B3311B000EC025A /* Build configuration list for PBXProject "MTDispatcher" */ = {
			isa = XCConfigurationList;
			buildConfigurations = (
				CE6F34D31B3311B000EC025A /* Debug */,
				CE6F34D41B3311B000EC025A /* Release */,
			);
			defaultConfigurationIsVisible = 0;
			defaultConfigurationName = Release;
		};
		CE6F34D51B3311B000EC025A /* Build configuration list for PBXNativeTarget "MTDispatcher" */ = {
			isa = XCConfigurationList;
			buildConfigurations = (
				CE6F34D61B3311B000EC025A /* Debug */,
				CE6F34D71B3311B000EC025A /* Release */,
			);
			defaultConfigurationIsVisible = 0;
			defaultConfigurationName = Release;
		};
		CE6F34D81B3311B000EC025A /* Build configuration list for PBXNativeTarget "MTDispatcherTests" */ = {
			isa = XCConfigurationList;
			buildConfigurations = (
				CE6F34D91B3311B000EC025A /* Debug */,
				CE6F34DA1B3311B000EC025A /* Release */,
			);
			defaultConfigurationIsVisible = 0;
			defaultConfigurationName = Release;
		};
/* End XCConfigurationList section */
	};
	rootObject = CE6F34AA1B3311B000EC025A /* Project object */;
}
